
Microsoft Visual Studio Solution File, Format Version 12.00
# Visual Studio Version 17
VisualStudioVersion = 17.5.002.0
MinimumVisualStudioVersion = 10.0.40219.1
Project("{9A19103F-16F7-4668-BE54-9A1E7A4F7556}") = "Program", "Program.csproj", "{DF3A150B-81FC-4528-A2AD-CE7C3B854E68}"
EndProject
Global
	GlobalSection(SolutionConfigurationPlatforms) = preSolution
		Debug|Any CPU = Debug|Any CPU
		Release|Any CPU = Release|Any CPU
	EndGlobalSection
	GlobalSection(ProjectConfigurationPlatforms) = postSolution
		{DF3A150B-81FC-4528-A2AD-CE7C3B854E68}.Debug|Any CPU.ActiveCfg = Debug|Any CPU
		{DF3A150B-81FC-4528-A2AD-CE7C3B854E68}.Debug|Any CPU.Build.0 = Debug|Any CPU
		{DF3A150B-81FC-4528-A2AD-CE7C3B854E68}.Release|Any CPU.ActiveCfg = Release|Any CPU
		{DF3A150B-81FC-4528-A2AD-CE7C3B854E68}.Release|Any CPU.Build.0 = Release|Any CPU
	EndGlobalSection
	GlobalSection(SolutionProperties) = preSolution
		HideSolutionNode = FALSE
	EndGlobalSection
	GlobalSection(ExtensibilityGlobals) = postSolution
		SolutionGuid = {BF4B08AF-5194-4EA3-B8CA-EE1CF52A4C62}
	EndGlobalSection
EndGlobal
