
Microsoft Visual Studio Solution File, Format Version 12.00
# Visual Studio Version 17
VisualStudioVersion = 17.0.31903.59
MinimumVisualStudioVersion = 10.0.40219.1
Project("{FAE04EC0-301F-11D3-BF4B-00C04F79EFBC}") = "ClassLib", "ClassLib\ClassLib.csproj", "{C5F891A4-A7D9-4888-B9CC-010E2CB3E26B}"
EndProject
Project("{FAE04EC0-301F-11D3-BF4B-00C04F79EFBC}") = "ClassLib.Tests", "ClassLib.Tests\ClassLib.Tests.csproj", "{8BDFB4BF-C2F5-413D-B474-700F7BC29491}"
EndProject
Global
	GlobalSection(SolutionConfigurationPlatforms) = preSolution
		Debug|Any CPU = Debug|Any CPU
		Release|Any CPU = Release|Any CPU
	EndGlobalSection
	GlobalSection(SolutionProperties) = preSolution
		HideSolutionNode = FALSE
	EndGlobalSection
	GlobalSection(ProjectConfigurationPlatforms) = postSolution
		{C5F891A4-A7D9-4888-B9CC-010E2CB3E26B}.Debug|Any CPU.ActiveCfg = Debug|Any CPU
		{C5F891A4-A7D9-4888-B9CC-010E2CB3E26B}.Debug|Any CPU.Build.0 = Debug|Any CPU
		{C5F891A4-A7D9-4888-B9CC-010E2CB3E26B}.Release|Any CPU.ActiveCfg = Release|Any CPU
		{C5F891A4-A7D9-4888-B9CC-010E2CB3E26B}.Release|Any CPU.Build.0 = Release|Any CPU
		{8BDFB4BF-C2F5-413D-B474-700F7BC29491}.Debug|Any CPU.ActiveCfg = Debug|Any CPU
		{8BDFB4BF-C2F5-413D-B474-700F7BC29491}.Debug|Any CPU.Build.0 = Debug|Any CPU
		{8BDFB4BF-C2F5-413D-B474-700F7BC29491}.Release|Any CPU.ActiveCfg = Release|Any CPU
		{8BDFB4BF-C2F5-413D-B474-700F7BC29491}.Release|Any CPU.Build.0 = Release|Any CPU
	EndGlobalSection
EndGlobal
